
Microsoft Visual Studio Solution File, Format Version 12.00
# Visual Studio 15
VisualStudioVersion = 15.0.28010.2003
MinimumVisualStudioVersion = 10.0.40219.1
Project("{FAE04EC0-301F-11D3-BF4B-00C04F79EFBC}") = "vTalkClient", "vTalkClient\vTalkClient.csproj", "{468F3683-FE07-4469-8BF4-FE312C45FE48}"
EndProject
Project("{FAE04EC0-301F-11D3-BF4B-00C04F79EFBC}") = "vTalkServer", "vTalkServer\vTalkServer.csproj", "{64E4058F-4E04-489A-A2D4-016801F51D1E}"
EndProject
Global
	GlobalSection(SolutionConfigurationPlatforms) = preSolution
		Debug|Any CPU = Debug|Any CPU
		Release|Any CPU = Release|Any CPU
	EndGlobalSection
	GlobalSection(ProjectConfigurationPlatforms) = postSolution
		{468F3683-FE07-4469-8BF4-FE312C45FE48}.Debug|Any CPU.ActiveCfg = Debug|Any CPU
		{468F3683-FE07-4469-8BF4-FE312C45FE48}.Debug|Any CPU.Build.0 = Debug|Any CPU
		{468F3683-FE07-4469-8BF4-FE312C45FE48}.Release|Any CPU.ActiveCfg = Release|Any CPU
		{468F3683-FE07-4469-8BF4-FE312C45FE48}.Release|Any CPU.Build.0 = Release|Any CPU
		{64E4058F-4E04-489A-A2D4-016801F51D1E}.Debug|Any CPU.ActiveCfg = Debug|Any CPU
		{64E4058F-4E04-489A-A2D4-016801F51D1E}.Debug|Any CPU.Build.0 = Debug|Any CPU
		{64E4058F-4E04-489A-A2D4-016801F51D1E}.Release|Any CPU.ActiveCfg = Release|Any CPU
		{64E4058F-4E04-489A-A2D4-016801F51D1E}.Release|Any CPU.Build.0 = Release|Any CPU
	EndGlobalSection
	GlobalSection(SolutionProperties) = preSolution
		HideSolutionNode = FALSE
	EndGlobalSection
	GlobalSection(ExtensibilityGlobals) = postSolution
		SolutionGuid = {12249F44-692A-4CFA-8038-E98684230263}
	EndGlobalSection
EndGlobal
